
Microsoft Visual Studio Solution File, Format Version 12.00
# Visual Studio Version 17
VisualStudioVersion = 17.8.34112.27
MinimumVisualStudioVersion = 10.0.40219.1
Project("{9A19103F-16F7-4668-BE54-9A1E7A4F7556}") = "BulkyWeb", "BulkyWeb\BulkyWeb.csproj", "{9F112B47-8A02-4FDD-884C-04F17E3C50A6}"
EndProject
Project("{FAE04EC0-301F-11D3-BF4B-00C04F79EFBC}") = "BulkyRezor_temp", "BulkyRezor_temp\BulkyRezor_temp.csproj", "{01E59318-6FEC-4662-9A85-CB3977E11478}"
EndProject
Global
	GlobalSection(SolutionConfigurationPlatforms) = preSolution
		Debug|Any CPU = Debug|Any CPU
		Release|Any CPU = Release|Any CPU
	EndGlobalSection
	GlobalSection(ProjectConfigurationPlatforms) = postSolution
		{9F112B47-8A02-4FDD-884C-04F17E3C50A6}.Debug|Any CPU.ActiveCfg = Debug|Any CPU
		{9F112B47-8A02-4FDD-884C-04F17E3C50A6}.Debug|Any CPU.Build.0 = Debug|Any CPU
		{9F112B47-8A02-4FDD-884C-04F17E3C50A6}.Release|Any CPU.ActiveCfg = Release|Any CPU
		{9F112B47-8A02-4FDD-884C-04F17E3C50A6}.Release|Any CPU.Build.0 = Release|Any CPU
		{01E59318-6FEC-4662-9A85-CB3977E11478}.Debug|Any CPU.ActiveCfg = Debug|Any CPU
		{01E59318-6FEC-4662-9A85-CB3977E11478}.Debug|Any CPU.Build.0 = Debug|Any CPU
		{01E59318-6FEC-4662-9A85-CB3977E11478}.Release|Any CPU.ActiveCfg = Release|Any CPU
		{01E59318-6FEC-4662-9A85-CB3977E11478}.Release|Any CPU.Build.0 = Release|Any CPU
	EndGlobalSection
	GlobalSection(SolutionProperties) = preSolution
		HideSolutionNode = FALSE
	EndGlobalSection
	GlobalSection(ExtensibilityGlobals) = postSolution
		SolutionGuid = {3C71F8F4-3808-4823-BB69-26136781ED09}
	EndGlobalSection
EndGlobal
